#
# This file is autogenerated by pip-compile with Python 3.12
# by the following command:
#
#    pip-compile --extra=dev --output-file=requirements.lock pyproject.toml
#
asgiref==3.11.1
    # via
    #   django
    #   django-allauth
bibtexparser==1.4.4
    # via anco-plataforma (pyproject.toml)
certifi==2026.5.20
    # via
    #   requests
    #   sentry-sdk
cffi==2.0.0
    # via cryptography
charset-normalizer==3.4.7
    # via requests
coverage[toml]==7.14.1
    # via pytest-cov
cryptography==48.0.0
    # via pyjwt
django==5.1.15
    # via
    #   anco-plataforma (pyproject.toml)
    #   django-allauth
    #   django-csp
    #   django-picklefield
    #   django-q2
    #   django-simple-history
    #   django-unfold
    #   sentry-sdk
django-allauth[socialaccount]==65.18.0
    # via anco-plataforma (pyproject.toml)
django-csp==4.0
    # via anco-plataforma (pyproject.toml)
django-environ==0.13.0
    # via anco-plataforma (pyproject.toml)
django-picklefield==3.4.0
    # via django-q2
django-q2==1.10.0
    # via anco-plataforma (pyproject.toml)
django-ratelimit==4.1.0
    # via anco-plataforma (pyproject.toml)
django-simple-history==3.11.0
    # via anco-plataforma (pyproject.toml)
django-unfold==0.96.0
    # via anco-plataforma (pyproject.toml)
factory-boy==3.3.3
    # via
    #   anco-plataforma (pyproject.toml)
    #   pytest-factoryboy
faker==40.21.0
    # via factory-boy
gunicorn==26.0.0
    # via anco-plataforma (pyproject.toml)
idna==3.18
    # via requests
inflection==0.5.1
    # via pytest-factoryboy
iniconfig==2.3.0
    # via pytest
numpy==2.4.6
    # via pgvector
oauthlib==3.3.1
    # via django-allauth
packaging==26.2
    # via
    #   django-csp
    #   gunicorn
    #   pytest
    #   pytest-factoryboy
pgvector==0.4.2
    # via anco-plataforma (pyproject.toml)
pillow==12.2.0
    # via anco-plataforma (pyproject.toml)
pluggy==1.6.0
    # via
    #   pytest
    #   pytest-cov
psycopg[binary]==3.3.4
    # via anco-plataforma (pyproject.toml)
psycopg-binary==3.3.4
    # via psycopg
pycparser==3.0
    # via cffi
pygments==2.20.0
    # via pytest
pyjwt[crypto]==2.13.0
    # via django-allauth
pyparsing==3.3.2
    # via bibtexparser
pytailwindcss==0.2.0
    # via anco-plataforma (pyproject.toml)
pytest==9.0.3
    # via
    #   anco-plataforma (pyproject.toml)
    #   pytest-cov
    #   pytest-django
    #   pytest-factoryboy
pytest-cov==7.1.0
    # via anco-plataforma (pyproject.toml)
pytest-django==4.12.0
    # via anco-plataforma (pyproject.toml)
pytest-factoryboy==2.8.1
    # via anco-plataforma (pyproject.toml)
pyyaml==6.0.3
    # via responses
redis==8.0.0
    # via anco-plataforma (pyproject.toml)
requests==2.34.2
    # via
    #   anco-plataforma (pyproject.toml)
    #   django-allauth
    #   responses
responses==0.26.1
    # via anco-plataforma (pyproject.toml)
rispy==0.10.0
    # via anco-plataforma (pyproject.toml)
ruff==0.15.16
    # via anco-plataforma (pyproject.toml)
sentry-sdk[django]==2.61.1
    # via anco-plataforma (pyproject.toml)
sqlparse==0.5.5
    # via django
typing-extensions==4.15.0
    # via
    #   psycopg
    #   pytest-factoryboy
urllib3==2.7.0
    # via
    #   requests
    #   responses
    #   sentry-sdk
